<?xml version="1.0" encoding="utf-8"?>
<Project ToolsVersion="4.0" xmlns="http://schemas.microsoft.com/developer/msbuild/2003">
  <ItemGroup>
    <Filter Include="Source Files">
      <UniqueIdentifier>{4FC737F1-C7A5-4376-A066-2A32D752A2FF}</UniqueIdentifier>
      <Extensions>cpp;c;cc;cxx;c++;cppm;ixx;def;odl;idl;hpj;bat;asm;asmx</Extensions>
    </Filter>
    <Filter Include="Header Files">
      <UniqueIdentifier>{93995380-89BD-4b04-88EB-625FBE52EBFB}</UniqueIdentifier>
      <Extensions>h;hh;hpp;hxx;h++;hm;inl;inc;ipp;xsd</Extensions>
    </Filter>
    <Filter Include="Resource Files">
      <UniqueIdentifier>{67DA6AB6-F800-4c08-8B7A-83BB121AAD01}</UniqueIdentifier>
      <Extensions>rc;ico;cur;bmp;dlg;rc2;rct;bin;rgs;gif;jpg;jpeg;jpe;resx;tiff;tif;png;wav;mfcribbon-ms</Extensions>
    </Filter>
  </ItemGroup>
  <ItemGroup>
    <None Include="CleanShaders.bat">
      <Filter>Source Files</Filter>
    </None>
    <None Include="CompileShaders.bat">
      <Filter>Source Files</Filter>
    </None>
  </ItemGroup>
  <ItemGroup>
    <FxCompile Include="DeferredLighting.hlsl" />
    <FxCompile Include="FullScreenQuad.hlsl" />
    <FxCompile Include="HDRToneMapping.hlsl" />
    <FxCompile Include="SkyVertexShader.hlsl" />
    <FxCompile Include="SkyPixelShader.hlsl" />
    <FxCompile Include="Fog.hlsl" />
    <FxCompile Include="SunVertexShader.hlsl" />
    <FxCompile Include="SunPixelShader.hlsl" />
    <FxCompile Include="MaterialBase_VertexShader_ShadowMapPass.hlsl" />
    <FxCompile Include="MaterialBase_VertexShader_GBufferOpaquePass.hlsl" />
    <FxCompile Include="MaterialBase_PixelShader_GBufferOpaquePass.hlsl" />
    <FxCompile Include="ShadowResolve.hlsl" />
    <FxCompile Include="LuminanceSum.hlsl" />
    <FxCompile Include="LuminanceCalc.hlsl" />
    <FxCompile Include="LuminanceAvg.hlsl" />
    <FxCompile Include="ImageResample.hlsl" />
    <FxCompile Include="HorizontalBlur.hlsl" />
    <FxCompile Include="BrightPass.hlsl" />
    <FxCompile Include="VerticalBlur.hlsl" />
  </ItemGroup>
</Project>